
Microsoft Visual Studio Solution File, Format Version 12.00
# Visual Studio 15
VisualStudioVersion = 15.0.28307.1169
MinimumVisualStudioVersion = 10.0.40219.1
Project("{FAE04EC0-301F-11D3-BF4B-00C04F79EFBC}") = "LaundryApplication", "LaundryApplication\LaundryApplication.csproj", "{6188E04C-5481-4E3D-810E-C0D5AA6536AF}"
EndProject
Global
	GlobalSection(SolutionConfigurationPlatforms) = preSolution
		Debug|Any CPU = Debug|Any CPU
		Release|Any CPU = Release|Any CPU
	EndGlobalSection
	GlobalSection(ProjectConfigurationPlatforms) = postSolution
		{6188E04C-5481-4E3D-810E-C0D5AA6536AF}.Debug|Any CPU.ActiveCfg = Debug|Any CPU
		{6188E04C-5481-4E3D-810E-C0D5AA6536AF}.Debug|Any CPU.Build.0 = Debug|Any CPU
		{6188E04C-5481-4E3D-810E-C0D5AA6536AF}.Release|Any CPU.ActiveCfg = Release|Any CPU
		{6188E04C-5481-4E3D-810E-C0D5AA6536AF}.Release|Any CPU.Build.0 = Release|Any CPU
	EndGlobalSection
	GlobalSection(SolutionProperties) = preSolution
		HideSolutionNode = FALSE
	EndGlobalSection
	GlobalSection(ExtensibilityGlobals) = postSolution
		SolutionGuid = {A4A8D26D-4320-4758-87D3-6E3E5FEDDE13}
	EndGlobalSection
EndGlobal
